
Microsoft Visual Studio Solution File, Format Version 12.00
# Visual Studio Version 17
VisualStudioVersion = 17.5.2.0
MinimumVisualStudioVersion = 10.0.40219.1
Project("{2150E333-8FDC-42A3-9474-1A3956D46DE8}") = "TodoApiApp", "TodoApiApp", "{747EAA9E-AE98-47DE-BA77-4D9112EEF55D}"
EndProject
Project("{FAE04EC0-301F-11D3-BF4B-00C04F79EFBC}") = "TodoApi", "TodoApiApp\TodoApi.csproj", "{1722DB67-791B-430C-8E1E-537CA6084AD6}"
EndProject
Project("{FAE04EC0-301F-11D3-BF4B-00C04F79EFBC}") = "TodoApi.Tests", "TodoApi.Tests\TodoApi.Tests.csproj", "{DFD274FE-CAA4-4F39-8758-DF5B0244E520}"
EndProject
Global
	GlobalSection(SolutionConfigurationPlatforms) = preSolution
		Debug|Any CPU = Debug|Any CPU
		Debug|x64 = Debug|x64
		Debug|x86 = Debug|x86
		Release|Any CPU = Release|Any CPU
		Release|x64 = Release|x64
		Release|x86 = Release|x86
	EndGlobalSection
	GlobalSection(ProjectConfigurationPlatforms) = postSolution
		{1722DB67-791B-430C-8E1E-537CA6084AD6}.Debug|Any CPU.ActiveCfg = Debug|Any CPU
		{1722DB67-791B-430C-8E1E-537CA6084AD6}.Debug|Any CPU.Build.0 = Debug|Any CPU
		{1722DB67-791B-430C-8E1E-537CA6084AD6}.Debug|x64.ActiveCfg = Debug|Any CPU
		{1722DB67-791B-430C-8E1E-537CA6084AD6}.Debug|x64.Build.0 = Debug|Any CPU
		{1722DB67-791B-430C-8E1E-537CA6084AD6}.Debug|x86.ActiveCfg = Debug|Any CPU
		{1722DB67-791B-430C-8E1E-537CA6084AD6}.Debug|x86.Build.0 = Debug|Any CPU
		{1722DB67-791B-430C-8E1E-537CA6084AD6}.Release|Any CPU.ActiveCfg = Release|Any CPU
		{1722DB67-791B-430C-8E1E-537CA6084AD6}.Release|Any CPU.Build.0 = Release|Any CPU
		{1722DB67-791B-430C-8E1E-537CA6084AD6}.Release|x64.ActiveCfg = Release|Any CPU
		{1722DB67-791B-430C-8E1E-537CA6084AD6}.Release|x64.Build.0 = Release|Any CPU
		{1722DB67-791B-430C-8E1E-537CA6084AD6}.Release|x86.ActiveCfg = Release|Any CPU
		{1722DB67-791B-430C-8E1E-537CA6084AD6}.Release|x86.Build.0 = Release|Any CPU
		{DFD274FE-CAA4-4F39-8758-DF5B0244E520}.Debug|Any CPU.ActiveCfg = Debug|Any CPU
		{DFD274FE-CAA4-4F39-8758-DF5B0244E520}.Debug|Any CPU.Build.0 = Debug|Any CPU
		{DFD274FE-CAA4-4F39-8758-DF5B0244E520}.Debug|x64.ActiveCfg = Debug|Any CPU
		{DFD274FE-CAA4-4F39-8758-DF5B0244E520}.Debug|x64.Build.0 = Debug|Any CPU
		{DFD274FE-CAA4-4F39-8758-DF5B0244E520}.Debug|x86.ActiveCfg = Debug|Any CPU
		{DFD274FE-CAA4-4F39-8758-DF5B0244E520}.Debug|x86.Build.0 = Debug|Any CPU
		{DFD274FE-CAA4-4F39-8758-DF5B0244E520}.Release|Any CPU.ActiveCfg = Release|Any CPU
		{DFD274FE-CAA4-4F39-8758-DF5B0244E520}.Release|Any CPU.Build.0 = Release|Any CPU
		{DFD274FE-CAA4-4F39-8758-DF5B0244E520}.Release|x64.ActiveCfg = Release|Any CPU
		{DFD274FE-CAA4-4F39-8758-DF5B0244E520}.Release|x64.Build.0 = Release|Any CPU
		{DFD274FE-CAA4-4F39-8758-DF5B0244E520}.Release|x86.ActiveCfg = Release|Any CPU
		{DFD274FE-CAA4-4F39-8758-DF5B0244E520}.Release|x86.Build.0 = Release|Any CPU
	EndGlobalSection
	GlobalSection(SolutionProperties) = preSolution
		HideSolutionNode = FALSE
	EndGlobalSection
	GlobalSection(NestedProjects) = preSolution
		{1722DB67-791B-430C-8E1E-537CA6084AD6} = {747EAA9E-AE98-47DE-BA77-4D9112EEF55D}
	EndGlobalSection
	GlobalSection(ExtensibilityGlobals) = postSolution
		SolutionGuid = {2DFA58A9-CE46-44EE-B1B7-603E9B3414A7}
	EndGlobalSection
EndGlobal
